
Microsoft Visual Studio Solution File, Format Version 12.00
# Visual Studio 14
VisualStudioVersion = 14.0.23107.0
MinimumVisualStudioVersion = 10.0.40219.1
Project("{FAE04EC0-301F-11D3-BF4B-00C04F79EFBC}") = "ASP.NET.DIGILEVICH.FileStorage", "ASP.NET.DIGILEVICH.FileStorage\ASP.NET.DIGILEVICH.FileStorage.csproj", "{4D2B45F5-8D6A-4DAB-8F17-35A728BFCAAD}"
EndProject
Project("{FAE04EC0-301F-11D3-BF4B-00C04F79EFBC}") = "ASP.NET.DIGILEVICH.FileStorage.Tests", "ASP.NET.DIGILEVICH.FileStorage.Tests\ASP.NET.DIGILEVICH.FileStorage.Tests.csproj", "{55B2F040-B140-4DD1-85F3-B47AB5284440}"
EndProject
Global
	GlobalSection(SolutionConfigurationPlatforms) = preSolution
		Debug|Any CPU = Debug|Any CPU
		Release|Any CPU = Release|Any CPU
	EndGlobalSection
	GlobalSection(ProjectConfigurationPlatforms) = postSolution
		{4D2B45F5-8D6A-4DAB-8F17-35A728BFCAAD}.Debug|Any CPU.ActiveCfg = Debug|Any CPU
		{4D2B45F5-8D6A-4DAB-8F17-35A728BFCAAD}.Debug|Any CPU.Build.0 = Debug|Any CPU
		{4D2B45F5-8D6A-4DAB-8F17-35A728BFCAAD}.Release|Any CPU.ActiveCfg = Release|Any CPU
		{4D2B45F5-8D6A-4DAB-8F17-35A728BFCAAD}.Release|Any CPU.Build.0 = Release|Any CPU
		{55B2F040-B140-4DD1-85F3-B47AB5284440}.Debug|Any CPU.ActiveCfg = Debug|Any CPU
		{55B2F040-B140-4DD1-85F3-B47AB5284440}.Debug|Any CPU.Build.0 = Debug|Any CPU
		{55B2F040-B140-4DD1-85F3-B47AB5284440}.Release|Any CPU.ActiveCfg = Release|Any CPU
		{55B2F040-B140-4DD1-85F3-B47AB5284440}.Release|Any CPU.Build.0 = Release|Any CPU
	EndGlobalSection
	GlobalSection(SolutionProperties) = preSolution
		HideSolutionNode = FALSE
	EndGlobalSection
EndGlobal
